
Microsoft Visual Studio Solution File, Format Version 12.00
# Visual Studio Version 16
VisualStudioVersion = 16.0.31515.178
MinimumVisualStudioVersion = 10.0.40219.1
Project("{FAE04EC0-301F-11D3-BF4B-00C04F79EFBC}") = "00_hevonen_koodi", "00_hevonen_koodi\00_hevonen_koodi.csproj", "{97456A3C-92C9-42B2-A5C1-414AAFDA9D01}"
EndProject
Global
	GlobalSection(SolutionConfigurationPlatforms) = preSolution
		Debug|Any CPU = Debug|Any CPU
		Release|Any CPU = Release|Any CPU
	EndGlobalSection
	GlobalSection(ProjectConfigurationPlatforms) = postSolution
		{97456A3C-92C9-42B2-A5C1-414AAFDA9D01}.Debug|Any CPU.ActiveCfg = Debug|Any CPU
		{97456A3C-92C9-42B2-A5C1-414AAFDA9D01}.Debug|Any CPU.Build.0 = Debug|Any CPU
		{97456A3C-92C9-42B2-A5C1-414AAFDA9D01}.Release|Any CPU.ActiveCfg = Release|Any CPU
		{97456A3C-92C9-42B2-A5C1-414AAFDA9D01}.Release|Any CPU.Build.0 = Release|Any CPU
	EndGlobalSection
	GlobalSection(SolutionProperties) = preSolution
		HideSolutionNode = FALSE
	EndGlobalSection
	GlobalSection(ExtensibilityGlobals) = postSolution
		SolutionGuid = {F917EBF5-6136-4B30-BCDD-FB36D8ADA245}
	EndGlobalSection
EndGlobal
